// !$*UTF8*$!
{
	archiveVersion = 1;
	classes = {
	};
	objectVersion = 50;
	objects = {

/* Begin PBXBuildFile section */
		3053446B20AF263400CE2D81 /* AppDelegate.swift in Sources */ = {isa = PBXBuildFile; fileRef = 3053446A20AF263400CE2D81 /* AppDelegate.swift */; };
		3053446D20AF263400CE2D81 /* ViewController.swift in Sources */ = {isa = PBXBuildFile; fileRef = 3053446C20AF263400CE2D81 /* ViewController.swift */; };
		3053447020AF263400CE2D81 /* Login.storyboard in Resources */ = {isa = PBXBuildFile; fileRef = 3053446E20AF263400CE2D81 /* Login.storyboard */; };
		3053447320AF263400CE2D81 /* CleanSwiftDemoWithCoreData.xcdatamodeld in Sources */ = {isa = PBXBuildFile; fileRef = 3053447120AF263400CE2D81 /* CleanSwiftDemoWithCoreData.xcdatamodeld */; };
		3053447520AF263B00CE2D81 /* Assets.xcassets in Resources */ = {isa = PBXBuildFile; fileRef = 3053447420AF263B00CE2D81 /* Assets.xcassets */; };
		3053447820AF263B00CE2D81 /* LaunchScreen.storyboard in Resources */ = {isa = PBXBuildFile; fileRef = 3053447620AF263B00CE2D81 /* LaunchScreen.storyboard */; };
		3053448320AF263B00CE2D81 /* CleanSwiftDemoWithCoreDataTests.swift in Sources */ = {isa = PBXBuildFile; fileRef = 3053448220AF263B00CE2D81 /* CleanSwiftDemoWithCoreDataTests.swift */; };
		3053448E20AF263B00CE2D81 /* CleanSwiftDemoWithCoreDataUITests.swift in Sources */ = {isa = PBXBuildFile; fileRef = 3053448D20AF263B00CE2D81 /* CleanSwiftDemoWithCoreDataUITests.swift */; };
		EAF46A9A20B35C2E000CB0EE /* LoginInteractor.swift in Sources */ = {isa = PBXBuildFile; fileRef = EAF46A9420B35C2E000CB0EE /* LoginInteractor.swift */; };
		EAF46A9B20B35C2F000CB0EE /* LoginInteractor.swift in Sources */ = {isa = PBXBuildFile; fileRef = EAF46A9420B35C2E000CB0EE /* LoginInteractor.swift */; };
		EAF46A9C20B35C2F000CB0EE /* LoginInteractor.swift in Sources */ = {isa = PBXBuildFile; fileRef = EAF46A9420B35C2E000CB0EE /* LoginInteractor.swift */; };
		EAF46A9D20B35C2F000CB0EE /* LoginModels.swift in Sources */ = {isa = PBXBuildFile; fileRef = EAF46A9520B35C2E000CB0EE /* LoginModels.swift */; };
		EAF46A9E20B35C2F000CB0EE /* LoginModels.swift in Sources */ = {isa = PBXBuildFile; fileRef = EAF46A9520B35C2E000CB0EE /* LoginModels.swift */; };
		EAF46A9F20B35C2F000CB0EE /* LoginModels.swift in Sources */ = {isa = PBXBuildFile; fileRef = EAF46A9520B35C2E000CB0EE /* LoginModels.swift */; };
		EAF46AA020B35C2F000CB0EE /* LoginPresenter.swift in Sources */ = {isa = PBXBuildFile; fileRef = EAF46A9620B35C2E000CB0EE /* LoginPresenter.swift */; };
		EAF46AA120B35C2F000CB0EE /* LoginPresenter.swift in Sources */ = {isa = PBXBuildFile; fileRef = EAF46A9620B35C2E000CB0EE /* LoginPresenter.swift */; };
		EAF46AA220B35C2F000CB0EE /* LoginPresenter.swift in Sources */ = {isa = PBXBuildFile; fileRef = EAF46A9620B35C2E000CB0EE /* LoginPresenter.swift */; };
		EAF46AA320B35C2F000CB0EE /* LoginRouter.swift in Sources */ = {isa = PBXBuildFile; fileRef = EAF46A9720B35C2E000CB0EE /* LoginRouter.swift */; };
		EAF46AA420B35C2F000CB0EE /* LoginRouter.swift in Sources */ = {isa = PBXBuildFile; fileRef = EAF46A9720B35C2E000CB0EE /* LoginRouter.swift */; };
		EAF46AA520B35C2F000CB0EE /* LoginRouter.swift in Sources */ = {isa = PBXBuildFile; fileRef = EAF46A9720B35C2E000CB0EE /* LoginRouter.swift */; };
		EAF46AA620B35C2F000CB0EE /* LoginViewController.swift in Sources */ = {isa = PBXBuildFile; fileRef = EAF46A9820B35C2E000CB0EE /* LoginViewController.swift */; };
		EAF46AA720B35C2F000CB0EE /* LoginViewController.swift in Sources */ = {isa = PBXBuildFile; fileRef = EAF46A9820B35C2E000CB0EE /* LoginViewController.swift */; };
		EAF46AA820B35C2F000CB0EE /* LoginViewController.swift in Sources */ = {isa = PBXBuildFile; fileRef = EAF46A9820B35C2E000CB0EE /* LoginViewController.swift */; };
		EAF46AA920B35C2F000CB0EE /* LoginWorker.swift in Sources */ = {isa = PBXBuildFile; fileRef = EAF46A9920B35C2E000CB0EE /* LoginWorker.swift */; };
		EAF46AAA20B35C2F000CB0EE /* LoginWorker.swift in Sources */ = {isa = PBXBuildFile; fileRef = EAF46A9920B35C2E000CB0EE /* LoginWorker.swift */; };
		EAF46AAB20B35C2F000CB0EE /* LoginWorker.swift in Sources */ = {isa = PBXBuildFile; fileRef = EAF46A9920B35C2E000CB0EE /* LoginWorker.swift */; };
/* End PBXBuildFile section */

/* Begin PBXContainerItemProxy section */
		3053447F20AF263B00CE2D81 /* PBXContainerItemProxy */ = {
			isa = PBXContainerItemProxy;
			containerPortal = 3053445F20AF263400CE2D81 /* Project object */;
			proxyType = 1;
			remoteGlobalIDString = 3053446620AF263400CE2D81;
			remoteInfo = CleanSwiftDemoWithCoreData;
		};
		3053448A20AF263B00CE2D81 /* PBXContainerItemProxy */ = {
			isa = PBXContainerItemProxy;
			containerPortal = 3053445F20AF263400CE2D81 /* Project object */;
			proxyType = 1;
			remoteGlobalIDString = 3053446620AF263400CE2D81;
			remoteInfo = CleanSwiftDemoWithCoreData;
		};
/* End PBXContainerItemProxy section */

/* Begin PBXFileReference section */
		3053446720AF263400CE2D81 /* CleanSwiftDemoWithCoreData.app */ = {isa = PBXFileReference; explicitFileType = wrapper.application; includeInIndex = 0; path = CleanSwiftDemoWithCoreData.app; sourceTree = BUILT_PRODUCTS_DIR; };
		3053446A20AF263400CE2D81 /* AppDelegate.swift */ = {isa = PBXFileReference; lastKnownFileType = sourcecode.swift; path = AppDelegate.swift; sourceTree = "<group>"; };
		3053446C20AF263400CE2D81 /* ViewController.swift */ = {isa = PBXFileReference; lastKnownFileType = sourcecode.swift; path = ViewController.swift; sourceTree = "<group>"; };
		3053446F20AF263400CE2D81 /* Base */ = {isa = PBXFileReference; lastKnownFileType = file.storyboard; name = Base; path = Base.lproj/Login.storyboard; sourceTree = "<group>"; };
		3053447220AF263400CE2D81 /* CleanSwiftDemoWithCoreData.xcdatamodel */ = {isa = PBXFileReference; lastKnownFileType = wrapper.xcdatamodel; path = CleanSwiftDemoWithCoreData.xcdatamodel; sourceTree = "<group>"; };
		3053447420AF263B00CE2D81 /* Assets.xcassets */ = {isa = PBXFileReference; lastKnownFileType = folder.assetcatalog; path = Assets.xcassets; sourceTree = "<group>"; };
		3053447720AF263B00CE2D81 /* Base */ = {isa = PBXFileReference; lastKnownFileType = file.storyboard; name = Base; path = Base.lproj/LaunchScreen.storyboard; sourceTree = "<group>"; };
		3053447920AF263B00CE2D81 /* Info.plist */ = {isa = PBXFileReference; lastKnownFileType = text.plist.xml; path = Info.plist; sourceTree = "<group>"; };
		3053447E20AF263B00CE2D81 /* CleanSwiftDemoWithCoreDataTests.xctest */ = {isa = PBXFileReference; explicitFileType = wrapper.cfbundle; includeInIndex = 0; path = CleanSwiftDemoWithCoreDataTests.xctest; sourceTree = BUILT_PRODUCTS_DIR; };
		3053448220AF263B00CE2D81 /* CleanSwiftDemoWithCoreDataTests.swift */ = {isa = PBXFileReference; lastKnownFileType = sourcecode.swift; path = CleanSwiftDemoWithCoreDataTests.swift; sourceTree = "<group>"; };
		3053448420AF263B00CE2D81 /* Info.plist */ = {isa = PBXFileReference; lastKnownFileType = text.plist.xml; path = Info.plist; sourceTree = "<group>"; };
		3053448920AF263B00CE2D81 /* CleanSwiftDemoWithCoreDataUITests.xctest */ = {isa = PBXFileReference; explicitFileType = wrapper.cfbundle; includeInIndex = 0; path = CleanSwiftDemoWithCoreDataUITests.xctest; sourceTree = BUILT_PRODUCTS_DIR; };
		3053448D20AF263B00CE2D81 /* CleanSwiftDemoWithCoreDataUITests.swift */ = {isa = PBXFileReference; lastKnownFileType = sourcecode.swift; path = CleanSwiftDemoWithCoreDataUITests.swift; sourceTree = "<group>"; };
		3053448F20AF263B00CE2D81 /* Info.plist */ = {isa = PBXFileReference; lastKnownFileType = text.plist.xml; path = Info.plist; sourceTree = "<group>"; };
		EAF46A9420B35C2E000CB0EE /* LoginInteractor.swift */ = {isa = PBXFileReference; lastKnownFileType = sourcecode.swift; path = LoginInteractor.swift; sourceTree = "<group>"; };
		EAF46A9520B35C2E000CB0EE /* LoginModels.swift */ = {isa = PBXFileReference; lastKnownFileType = sourcecode.swift; path = LoginModels.swift; sourceTree = "<group>"; };
		EAF46A9620B35C2E000CB0EE /* LoginPresenter.swift */ = {isa = PBXFileReference; lastKnownFileType = sourcecode.swift; path = LoginPresenter.swift; sourceTree = "<group>"; };
		EAF46A9720B35C2E000CB0EE /* LoginRouter.swift */ = {isa = PBXFileReference; lastKnownFileType = sourcecode.swift; path = LoginRouter.swift; sourceTree = "<group>"; };
		EAF46A9820B35C2E000CB0EE /* LoginViewController.swift */ = {isa = PBXFileReference; lastKnownFileType = sourcecode.swift; path = LoginViewController.swift; sourceTree = "<group>"; };
		EAF46A9920B35C2E000CB0EE /* LoginWorker.swift */ = {isa = PBXFileReference; lastKnownFileType = sourcecode.swift; path = LoginWorker.swift; sourceTree = "<group>"; };
/* End PBXFileReference section */

/* Begin PBXFrameworksBuildPhase section */
		3053446420AF263400CE2D81 /* Frameworks */ = {
			isa = PBXFrameworksBuildPhase;
			buildActionMask = 2147483647;
			files = (
			);
			runOnlyForDeploymentPostprocessing = 0;
		};
		3053447B20AF263B00CE2D81 /* Frameworks */ = {
			isa = PBXFrameworksBuildPhase;
			buildActionMask = 2147483647;
			files = (
			);
			runOnlyForDeploymentPostprocessing = 0;
		};
		3053448620AF263B00CE2D81 /* Frameworks */ = {
			isa = PBXFrameworksBuildPhase;
			buildActionMask = 2147483647;
			files = (
			);
			runOnlyForDeploymentPostprocessing = 0;
		};
/* End PBXFrameworksBuildPhase section */

/* Begin PBXGroup section */
		3053445E20AF263400CE2D81 = {
			isa = PBXGroup;
			children = (
				3053446920AF263400CE2D81 /* CleanSwiftDemoWithCoreData */,
				3053448120AF263B00CE2D81 /* CleanSwiftDemoWithCoreDataTests */,
				3053448C20AF263B00CE2D81 /* CleanSwiftDemoWithCoreDataUITests */,
				3053446820AF263400CE2D81 /* Products */,
			);
			sourceTree = "<group>";
		};
		3053446820AF263400CE2D81 /* Products */ = {
			isa = PBXGroup;
			children = (
				3053446720AF263400CE2D81 /* CleanSwiftDemoWithCoreData.app */,
				3053447E20AF263B00CE2D81 /* CleanSwiftDemoWithCoreDataTests.xctest */,
				3053448920AF263B00CE2D81 /* CleanSwiftDemoWithCoreDataUITests.xctest */,
			);
			name = Products;
			sourceTree = "<group>";
		};
		3053446920AF263400CE2D81 /* CleanSwiftDemoWithCoreData */ = {
			isa = PBXGroup;
			children = (
				EAF46AAC20B35D68000CB0EE /* Extensions */,
				EAF46AAE20B35D7E000CB0EE /* Models */,
				EAF46AAF20B35D83000CB0EE /* Services */,
				EAF46AB020B35D89000CB0EE /* Workers */,
				EAF46AB120B35D9B000CB0EE /* Modules */,
				EAF46AB520B35E01000CB0EE /* Common */,
				EAF46AB620B35E11000CB0EE /* Resources */,
				EAF46AB720B35E21000CB0EE /* SupportingFiles */,
				3053446A20AF263400CE2D81 /* AppDelegate.swift */,
				3053446C20AF263400CE2D81 /* ViewController.swift */,
				3053447120AF263400CE2D81 /* CleanSwiftDemoWithCoreData.xcdatamodeld */,
			);
			path = CleanSwiftDemoWithCoreData;
			sourceTree = "<group>";
		};
		3053448120AF263B00CE2D81 /* CleanSwiftDemoWithCoreDataTests */ = {
			isa = PBXGroup;
			children = (
				3053448220AF263B00CE2D81 /* CleanSwiftDemoWithCoreDataTests.swift */,
				3053448420AF263B00CE2D81 /* Info.plist */,
			);
			path = CleanSwiftDemoWithCoreDataTests;
			sourceTree = "<group>";
		};
		3053448C20AF263B00CE2D81 /* CleanSwiftDemoWithCoreDataUITests */ = {
			isa = PBXGroup;
			children = (
				3053448D20AF263B00CE2D81 /* CleanSwiftDemoWithCoreDataUITests.swift */,
				3053448F20AF263B00CE2D81 /* Info.plist */,
			);
			path = CleanSwiftDemoWithCoreDataUITests;
			sourceTree = "<group>";
		};
		EAF46AAC20B35D68000CB0EE /* Extensions */ = {
			isa = PBXGroup;
			children = (
			);
			path = Extensions;
			sourceTree = "<group>";
		};
		EAF46AAE20B35D7E000CB0EE /* Models */ = {
			isa = PBXGroup;
			children = (
			);
			path = Models;
			sourceTree = "<group>";
		};
		EAF46AAF20B35D83000CB0EE /* Services */ = {
			isa = PBXGroup;
			children = (
			);
			path = Services;
			sourceTree = "<group>";
		};
		EAF46AB020B35D89000CB0EE /* Workers */ = {
			isa = PBXGroup;
			children = (
			);
			path = Workers;
			sourceTree = "<group>";
		};
		EAF46AB120B35D9B000CB0EE /* Modules */ = {
			isa = PBXGroup;
			children = (
				EAF46AB220B35DB7000CB0EE /* Login */,
			);
			path = Modules;
			sourceTree = "<group>";
		};
		EAF46AB220B35DB7000CB0EE /* Login */ = {
			isa = PBXGroup;
			children = (
				3053446E20AF263400CE2D81 /* Login.storyboard */,
				EAF46AB420B35DD9000CB0EE /* LoginScene */,
			);
			path = Login;
			sourceTree = "<group>";
		};
		EAF46AB420B35DD9000CB0EE /* LoginScene */ = {
			isa = PBXGroup;
			children = (
				EAF46A9420B35C2E000CB0EE /* LoginInteractor.swift */,
				EAF46A9520B35C2E000CB0EE /* LoginModels.swift */,
				EAF46A9620B35C2E000CB0EE /* LoginPresenter.swift */,
				EAF46A9720B35C2E000CB0EE /* LoginRouter.swift */,
				EAF46A9820B35C2E000CB0EE /* LoginViewController.swift */,
				EAF46A9920B35C2E000CB0EE /* LoginWorker.swift */,
			);
			path = LoginScene;
			sourceTree = "<group>";
		};
		EAF46AB520B35E01000CB0EE /* Common */ = {
			isa = PBXGroup;
			children = (
			);
			path = Common;
			sourceTree = "<group>";
		};
		EAF46AB620B35E11000CB0EE /* Resources */ = {
			isa = PBXGroup;
			children = (
				3053447420AF263B00CE2D81 /* Assets.xcassets */,
			);
			path = Resources;
			sourceTree = "<group>";
		};
		EAF46AB720B35E21000CB0EE /* SupportingFiles */ = {
			isa = PBXGroup;
			children = (
				3053447620AF263B00CE2D81 /* LaunchScreen.storyboard */,
				3053447920AF263B00CE2D81 /* Info.plist */,
			);
			path = SupportingFiles;
			sourceTree = "<group>";
		};
/* End PBXGroup section */

/* Begin PBXNativeTarget section */
		3053446620AF263400CE2D81 /* CleanSwiftDemoWithCoreData */ = {
			isa = PBXNativeTarget;
			buildConfigurationList = 3053449220AF263B00CE2D81 /* Build configuration list for PBXNativeTarget "CleanSwiftDemoWithCoreData" */;
			buildPhases = (
				3053446320AF263400CE2D81 /* Sources */,
				3053446420AF263400CE2D81 /* Frameworks */,
				3053446520AF263400CE2D81 /* Resources */,
			);
			buildRules = (
			);
			dependencies = (
			);
			name = CleanSwiftDemoWithCoreData;
			productName = CleanSwiftDemoWithCoreData;
			productReference = 3053446720AF263400CE2D81 /* CleanSwiftDemoWithCoreData.app */;
			productType = "com.apple.product-type.application";
		};
		3053447D20AF263B00CE2D81 /* CleanSwiftDemoWithCoreDataTests */ = {
			isa = PBXNativeTarget;
			buildConfigurationList = 3053449520AF263B00CE2D81 /* Build configuration list for PBXNativeTarget "CleanSwiftDemoWithCoreDataTests" */;
			buildPhases = (
				3053447A20AF263B00CE2D81 /* Sources */,
				3053447B20AF263B00CE2D81 /* Frameworks */,
				3053447C20AF263B00CE2D81 /* Resources */,
			);
			buildRules = (
			);
			dependencies = (
				3053448020AF263B00CE2D81 /* PBXTargetDependency */,
			);
			name = CleanSwiftDemoWithCoreDataTests;
			productName = CleanSwiftDemoWithCoreDataTests;
			productReference = 3053447E20AF263B00CE2D81 /* CleanSwiftDemoWithCoreDataTests.xctest */;
			productType = "com.apple.product-type.bundle.unit-test";
		};
		3053448820AF263B00CE2D81 /* CleanSwiftDemoWithCoreDataUITests */ = {
			isa = PBXNativeTarget;
			buildConfigurationList = 3053449820AF263B00CE2D81 /* Build configuration list for PBXNativeTarget "CleanSwiftDemoWithCoreDataUITests" */;
			buildPhases = (
				3053448520AF263B00CE2D81 /* Sources */,
				3053448620AF263B00CE2D81 /* Frameworks */,
				3053448720AF263B00CE2D81 /* Resources */,
			);
			buildRules = (
			);
			dependencies = (
				3053448B20AF263B00CE2D81 /* PBXTargetDependency */,
			);
			name = CleanSwiftDemoWithCoreDataUITests;
			productName = CleanSwiftDemoWithCoreDataUITests;
			productReference = 3053448920AF263B00CE2D81 /* CleanSwiftDemoWithCoreDataUITests.xctest */;
			productType = "com.apple.product-type.bundle.ui-testing";
		};
/* End PBXNativeTarget section */

/* Begin PBXProject section */
		3053445F20AF263400CE2D81 /* Project object */ = {
			isa = PBXProject;
			attributes = {
				LastSwiftUpdateCheck = 0930;
				LastUpgradeCheck = 0930;
				ORGANIZATIONNAME = personal;
				TargetAttributes = {
					3053446620AF263400CE2D81 = {
						CreatedOnToolsVersion = 9.3.1;
					};
					3053447D20AF263B00CE2D81 = {
						CreatedOnToolsVersion = 9.3.1;
						TestTargetID = 3053446620AF263400CE2D81;
					};
					3053448820AF263B00CE2D81 = {
						CreatedOnToolsVersion = 9.3.1;
						TestTargetID = 3053446620AF263400CE2D81;
					};
				};
			};
			buildConfigurationList = 3053446220AF263400CE2D81 /* Build configuration list for PBXProject "CleanSwiftDemoWithCoreData" */;
			compatibilityVersion = "Xcode 9.3";
			developmentRegion = en;
			hasScannedForEncodings = 0;
			knownRegions = (
				en,
				Base,
			);
			mainGroup = 3053445E20AF263400CE2D81;
			productRefGroup = 3053446820AF263400CE2D81 /* Products */;
			projectDirPath = "";
			projectRoot = "";
			targets = (
				3053446620AF263400CE2D81 /* CleanSwiftDemoWithCoreData */,
				3053447D20AF263B00CE2D81 /* CleanSwiftDemoWithCoreDataTests */,
				3053448820AF263B00CE2D81 /* CleanSwiftDemoWithCoreDataUITests */,
			);
		};
/* End PBXProject section */

/* Begin PBXResourcesBuildPhase section */
		3053446520AF263400CE2D81 /* Resources */ = {
			isa = PBXResourcesBuildPhase;
			buildActionMask = 2147483647;
			files = (
				3053447820AF263B00CE2D81 /* LaunchScreen.storyboard in Resources */,
				3053447520AF263B00CE2D81 /* Assets.xcassets in Resources */,
				3053447020AF263400CE2D81 /* Login.storyboard in Resources */,
			);
			runOnlyForDeploymentPostprocessing = 0;
		};
		3053447C20AF263B00CE2D81 /* Resources */ = {
			isa = PBXResourcesBuildPhase;
			buildActionMask = 2147483647;
			files = (
			);
			runOnlyForDeploymentPostprocessing = 0;
		};
		3053448720AF263B00CE2D81 /* Resources */ = {
			isa = PBXResourcesBuildPhase;
			buildActionMask = 2147483647;
			files = (
			);
			runOnlyForDeploymentPostprocessing = 0;
		};
/* End PBXResourcesBuildPhase section */

/* Begin PBXSourcesBuildPhase section */
		3053446320AF263400CE2D81 /* Sources */ = {
			isa = PBXSourcesBuildPhase;
			buildActionMask = 2147483647;
			files = (
				EAF46AA020B35C2F000CB0EE /* LoginPresenter.swift in Sources */,
				EAF46A9A20B35C2E000CB0EE /* LoginInteractor.swift in Sources */,
				EAF46A9D20B35C2F000CB0EE /* LoginModels.swift in Sources */,
				3053447320AF263400CE2D81 /* CleanSwiftDemoWithCoreData.xcdatamodeld in Sources */,
				EAF46AA620B35C2F000CB0EE /* LoginViewController.swift in Sources */,
				EAF46AA920B35C2F000CB0EE /* LoginWorker.swift in Sources */,
				3053446D20AF263400CE2D81 /* ViewController.swift in Sources */,
				EAF46AA320B35C2F000CB0EE /* LoginRouter.swift in Sources */,
				3053446B20AF263400CE2D81 /* AppDelegate.swift in Sources */,
			);
			runOnlyForDeploymentPostprocessing = 0;
		};
		3053447A20AF263B00CE2D81 /* Sources */ = {
			isa = PBXSourcesBuildPhase;
			buildActionMask = 2147483647;
			files = (
				EAF46AA720B35C2F000CB0EE /* LoginViewController.swift in Sources */,
				EAF46AA120B35C2F000CB0EE /* LoginPresenter.swift in Sources */,
				EAF46AAA20B35C2F000CB0EE /* LoginWorker.swift in Sources */,
				EAF46A9E20B35C2F000CB0EE /* LoginModels.swift in Sources */,
				EAF46A9B20B35C2F000CB0EE /* LoginInteractor.swift in Sources */,
				EAF46AA420B35C2F000CB0EE /* LoginRouter.swift in Sources */,
				3053448320AF263B00CE2D81 /* CleanSwiftDemoWithCoreDataTests.swift in Sources */,
			);
			runOnlyForDeploymentPostprocessing = 0;
		};
		3053448520AF263B00CE2D81 /* Sources */ = {
			isa = PBXSourcesBuildPhase;
			buildActionMask = 2147483647;
			files = (
				EAF46AA820B35C2F000CB0EE /* LoginViewController.swift in Sources */,
				EAF46AA220B35C2F000CB0EE /* LoginPresenter.swift in Sources */,
				EAF46AAB20B35C2F000CB0EE /* LoginWorker.swift in Sources */,
				EAF46A9F20B35C2F000CB0EE /* LoginModels.swift in Sources */,
				EAF46A9C20B35C2F000CB0EE /* LoginInteractor.swift in Sources */,
				EAF46AA520B35C2F000CB0EE /* LoginRouter.swift in Sources */,
				3053448E20AF263B00CE2D81 /* CleanSwiftDemoWithCoreDataUITests.swift in Sources */,
			);
			runOnlyForDeploymentPostprocessing = 0;
		};
/* End PBXSourcesBuildPhase section */

/* Begin PBXTargetDependency section */
		3053448020AF263B00CE2D81 /* PBXTargetDependency */ = {
			isa = PBXTargetDependency;
			target = 3053446620AF263400CE2D81 /* CleanSwiftDemoWithCoreData */;
			targetProxy = 3053447F20AF263B00CE2D81 /* PBXContainerItemProxy */;
		};
		3053448B20AF263B00CE2D81 /* PBXTargetDependency */ = {
			isa = PBXTargetDependency;
			target = 3053446620AF263400CE2D81 /* CleanSwiftDemoWithCoreData */;
			targetProxy = 3053448A20AF263B00CE2D81 /* PBXContainerItemProxy */;
		};
/* End PBXTargetDependency section */

/* Begin PBXVariantGroup section */
		3053446E20AF263400CE2D81 /* Login.storyboard */ = {
			isa = PBXVariantGroup;
			children = (
				3053446F20AF263400CE2D81 /* Base */,
			);
			name = Login.storyboard;
			sourceTree = "<group>";
		};
		3053447620AF263B00CE2D81 /* LaunchScreen.storyboard */ = {
			isa = PBXVariantGroup;
			children = (
				3053447720AF263B00CE2D81 /* Base */,
			);
			name = LaunchScreen.storyboard;
			sourceTree = "<group>";
		};
/* End PBXVariantGroup section */

/* Begin XCBuildConfiguration section */
		3053449020AF263B00CE2D81 /* Debug */ = {
			isa = XCBuildConfiguration;
			buildSettings = {
				ALWAYS_SEARCH_USER_PATHS = NO;
				CLANG_ANALYZER_NONNULL = YES;
				CLANG_ANALYZER_NUMBER_OBJECT_CONVERSION = YES_AGGRESSIVE;
				CLANG_CXX_LANGUAGE_STANDARD = "gnu++14";
				CLANG_CXX_LIBRARY = "libc++";
				CLANG_ENABLE_MODULES = YES;
				CLANG_ENABLE_OBJC_ARC = YES;
				CLANG_ENABLE_OBJC_WEAK = YES;
				CLANG_WARN_BLOCK_CAPTURE_AUTORELEASING = YES;
				CLANG_WARN_BOOL_CONVERSION = YES;
				CLANG_WARN_COMMA = YES;
				CLANG_WARN_CONSTANT_CONVERSION = YES;
				CLANG_WARN_DEPRECATED_OBJC_IMPLEMENTATIONS = YES;
				CLANG_WARN_DIRECT_OBJC_ISA_USAGE = YES_ERROR;
				CLANG_WARN_DOCUMENTATION_COMMENTS = YES;
				CLANG_WARN_EMPTY_BODY = YES;
				CLANG_WARN_ENUM_CONVERSION = YES;
				CLANG_WARN_INFINITE_RECURSION = YES;
				CLANG_WARN_INT_CONVERSION = YES;
				CLANG_WARN_NON_LITERAL_NULL_CONVERSION = YES;
				CLANG_WARN_OBJC_IMPLICIT_RETAIN_SELF = YES;
				CLANG_WARN_OBJC_LITERAL_CONVERSION = YES;
				CLANG_WARN_OBJC_ROOT_CLASS = YES_ERROR;
				CLANG_WARN_RANGE_LOOP_ANALYSIS = YES;
				CLANG_WARN_STRICT_PROTOTYPES = YES;
				CLANG_WARN_SUSPICIOUS_MOVE = YES;
				CLANG_WARN_UNGUARDED_AVAILABILITY = YES_AGGRESSIVE;
				CLANG_WARN_UNREACHABLE_CODE = YES;
				CLANG_WARN__DUPLICATE_METHOD_MATCH = YES;
				CODE_SIGN_IDENTITY = "iPhone Developer";
				COPY_PHASE_STRIP = NO;
				DEBUG_INFORMATION_FORMAT = dwarf;
				ENABLE_STRICT_OBJC_MSGSEND = YES;
				ENABLE_TESTABILITY = YES;
				GCC_C_LANGUAGE_STANDARD = gnu11;
				GCC_DYNAMIC_NO_PIC = NO;
				GCC_NO_COMMON_BLOCKS = YES;
				GCC_OPTIMIZATION_LEVEL = 0;
				GCC_PREPROCESSOR_DEFINITIONS = (
					"DEBUG=1",
					"$(inherited)",
				);
				GCC_WARN_64_TO_32_BIT_CONVERSION = YES;
				GCC_WARN_ABOUT_RETURN_TYPE = YES_ERROR;
				GCC_WARN_UNDECLARED_SELECTOR = YES;
				GCC_WARN_UNINITIALIZED_AUTOS = YES_AGGRESSIVE;
				GCC_WARN_UNUSED_FUNCTION = YES;
				GCC_WARN_UNUSED_VARIABLE = YES;
				IPHONEOS_DEPLOYMENT_TARGET = 11.3;
				MTL_ENABLE_DEBUG_INFO = YES;
				ONLY_ACTIVE_ARCH = YES;
				SDKROOT = iphoneos;
				SWIFT_ACTIVE_COMPILATION_CONDITIONS = DEBUG;
				SWIFT_OPTIMIZATION_LEVEL = "-Onone";
			};
			name = Debug;
		};
		3053449120AF263B00CE2D81 /* Release */ = {
			isa = XCBuildConfiguration;
			buildSettings = {
				ALWAYS_SEARCH_USER_PATHS = NO;
				CLANG_ANALYZER_NONNULL = YES;
				CLANG_ANALYZER_NUMBER_OBJECT_CONVERSION = YES_AGGRESSIVE;
				CLANG_CXX_LANGUAGE_STANDARD = "gnu++14";
				CLANG_CXX_LIBRARY = "libc++";
				CLANG_ENABLE_MODULES = YES;
				CLANG_ENABLE_OBJC_ARC = YES;
				CLANG_ENABLE_OBJC_WEAK = YES;
				CLANG_WARN_BLOCK_CAPTURE_AUTORELEASING = YES;
				CLANG_WARN_BOOL_CONVERSION = YES;
				CLANG_WARN_COMMA = YES;
				CLANG_WARN_CONSTANT_CONVERSION = YES;
				CLANG_WARN_DEPRECATED_OBJC_IMPLEMENTATIONS = YES;
				CLANG_WARN_DIRECT_OBJC_ISA_USAGE = YES_ERROR;
				CLANG_WARN_DOCUMENTATION_COMMENTS = YES;
				CLANG_WARN_EMPTY_BODY = YES;
				CLANG_WARN_ENUM_CONVERSION = YES;
				CLANG_WARN_INFINITE_RECURSION = YES;
				CLANG_WARN_INT_CONVERSION = YES;
				CLANG_WARN_NON_LITERAL_NULL_CONVERSION = YES;
				CLANG_WARN_OBJC_IMPLICIT_RETAIN_SELF = YES;
				CLANG_WARN_OBJC_LITERAL_CONVERSION = YES;
				CLANG_WARN_OBJC_ROOT_CLASS = YES_ERROR;
				CLANG_WARN_RANGE_LOOP_ANALYSIS = YES;
				CLANG_WARN_STRICT_PROTOTYPES = YES;
				CLANG_WARN_SUSPICIOUS_MOVE = YES;
				CLANG_WARN_UNGUARDED_AVAILABILITY = YES_AGGRESSIVE;
				CLANG_WARN_UNREACHABLE_CODE = YES;
				CLANG_WARN__DUPLICATE_METHOD_MATCH = YES;
				CODE_SIGN_IDENTITY = "iPhone Developer";
				COPY_PHASE_STRIP = NO;
				DEBUG_INFORMATION_FORMAT = "dwarf-with-dsym";
				ENABLE_NS_ASSERTIONS = NO;
				ENABLE_STRICT_OBJC_MSGSEND = YES;
				GCC_C_LANGUAGE_STANDARD = gnu11;
				GCC_NO_COMMON_BLOCKS = YES;
				GCC_WARN_64_TO_32_BIT_CONVERSION = YES;
				GCC_WARN_ABOUT_RETURN_TYPE = YES_ERROR;
				GCC_WARN_UNDECLARED_SELECTOR = YES;
				GCC_WARN_UNINITIALIZED_AUTOS = YES_AGGRESSIVE;
				GCC_WARN_UNUSED_FUNCTION = YES;
				GCC_WARN_UNUSED_VARIABLE = YES;
				IPHONEOS_DEPLOYMENT_TARGET = 11.3;
				MTL_ENABLE_DEBUG_INFO = NO;
				SDKROOT = iphoneos;
				SWIFT_COMPILATION_MODE = wholemodule;
				SWIFT_OPTIMIZATION_LEVEL = "-O";
				VALIDATE_PRODUCT = YES;
			};
			name = Release;
		};
		3053449320AF263B00CE2D81 /* Debug */ = {
			isa = XCBuildConfiguration;
			buildSettings = {
				ASSETCATALOG_COMPILER_APPICON_NAME = AppIcon;
				CODE_SIGN_STYLE = Automatic;
				DEVELOPMENT_TEAM = QGMJDWHD6Q;
				INFOPLIST_FILE = "$(SRCROOT)/CleanSwiftDemoWithCoreData/SupportingFiles/Info.plist";
				LD_RUNPATH_SEARCH_PATHS = (
					"$(inherited)",
					"@executable_path/Frameworks",
				);
				PRODUCT_BUNDLE_IDENTIFIER = com.personal.CleanSwiftDemoWithCoreData;
				PRODUCT_NAME = "$(TARGET_NAME)";
				SWIFT_VERSION = 4.0;
				TARGETED_DEVICE_FAMILY = "1,2";
			};
			name = Debug;
		};
		3053449420AF263B00CE2D81 /* Release */ = {
			isa = XCBuildConfiguration;
			buildSettings = {
				ASSETCATALOG_COMPILER_APPICON_NAME = AppIcon;
				CODE_SIGN_STYLE = Automatic;
				DEVELOPMENT_TEAM = QGMJDWHD6Q;
				INFOPLIST_FILE = "$(SRCROOT)/CleanSwiftDemoWithCoreData/SupportingFiles/Info.plist";
				LD_RUNPATH_SEARCH_PATHS = (
					"$(inherited)",
					"@executable_path/Frameworks",
				);
				PRODUCT_BUNDLE_IDENTIFIER = com.personal.CleanSwiftDemoWithCoreData;
				PRODUCT_NAME = "$(TARGET_NAME)";
				SWIFT_VERSION = 4.0;
				TARGETED_DEVICE_FAMILY = "1,2";
			};
			name = Release;
		};
		3053449620AF263B00CE2D81 /* Debug */ = {
			isa = XCBuildConfiguration;
			buildSettings = {
				ALWAYS_EMBED_SWIFT_STANDARD_LIBRARIES = YES;
				BUNDLE_LOADER = "$(TEST_HOST)";
				CODE_SIGN_STYLE = Automatic;
				INFOPLIST_FILE = CleanSwiftDemoWithCoreDataTests/Info.plist;
				LD_RUNPATH_SEARCH_PATHS = (
					"$(inherited)",
					"@executable_path/Frameworks",
					"@loader_path/Frameworks",
				);
				PRODUCT_BUNDLE_IDENTIFIER = com.personal.CleanSwiftDemoWithCoreDataTests;
				PRODUCT_NAME = "$(TARGET_NAME)";
				SWIFT_VERSION = 4.0;
				TARGETED_DEVICE_FAMILY = "1,2";
				TEST_HOST = "$(BUILT_PRODUCTS_DIR)/CleanSwiftDemoWithCoreData.app/CleanSwiftDemoWithCoreData";
			};
			name = Debug;
		};
		3053449720AF263B00CE2D81 /* Release */ = {
			isa = XCBuildConfiguration;
			buildSettings = {
				ALWAYS_EMBED_SWIFT_STANDARD_LIBRARIES = YES;
				BUNDLE_LOADER = "$(TEST_HOST)";
				CODE_SIGN_STYLE = Automatic;
				INFOPLIST_FILE = CleanSwiftDemoWithCoreDataTests/Info.plist;
				LD_RUNPATH_SEARCH_PATHS = (
					"$(inherited)",
					"@executable_path/Frameworks",
					"@loader_path/Frameworks",
				);
				PRODUCT_BUNDLE_IDENTIFIER = com.personal.CleanSwiftDemoWithCoreDataTests;
				PRODUCT_NAME = "$(TARGET_NAME)";
				SWIFT_VERSION = 4.0;
				TARGETED_DEVICE_FAMILY = "1,2";
				TEST_HOST = "$(BUILT_PRODUCTS_DIR)/CleanSwiftDemoWithCoreData.app/CleanSwiftDemoWithCoreData";
			};
			name = Release;
		};
		3053449920AF263B00CE2D81 /* Debug */ = {
			isa = XCBuildConfiguration;
			buildSettings = {
				ALWAYS_EMBED_SWIFT_STANDARD_LIBRARIES = YES;
				CODE_SIGN_STYLE = Automatic;
				INFOPLIST_FILE = CleanSwiftDemoWithCoreDataUITests/Info.plist;
				LD_RUNPATH_SEARCH_PATHS = (
					"$(inherited)",
					"@executable_path/Frameworks",
					"@loader_path/Frameworks",
				);
				PRODUCT_BUNDLE_IDENTIFIER = com.personal.CleanSwiftDemoWithCoreDataUITests;
				PRODUCT_NAME = "$(TARGET_NAME)";
				SWIFT_VERSION = 4.0;
				TARGETED_DEVICE_FAMILY = "1,2";
				TEST_TARGET_NAME = CleanSwiftDemoWithCoreData;
			};
			name = Debug;
		};
		3053449A20AF263B00CE2D81 /* Release */ = {
			isa = XCBuildConfiguration;
			buildSettings = {
				ALWAYS_EMBED_SWIFT_STANDARD_LIBRARIES = YES;
				CODE_SIGN_STYLE = Automatic;
				INFOPLIST_FILE = CleanSwiftDemoWithCoreDataUITests/Info.plist;
				LD_RUNPATH_SEARCH_PATHS = (
					"$(inherited)",
					"@executable_path/Frameworks",
					"@loader_path/Frameworks",
				);
				PRODUCT_BUNDLE_IDENTIFIER = com.personal.CleanSwiftDemoWithCoreDataUITests;
				PRODUCT_NAME = "$(TARGET_NAME)";
				SWIFT_VERSION = 4.0;
				TARGETED_DEVICE_FAMILY = "1,2";
				TEST_TARGET_NAME = CleanSwiftDemoWithCoreData;
			};
			name = Release;
		};
/* End XCBuildConfiguration section */

/* Begin XCConfigurationList section */
		3053446220AF263400CE2D81 /* Build configuration list for PBXProject "CleanSwiftDemoWithCoreData" */ = {
			isa = XCConfigurationList;
			buildConfigurations = (
				3053449020AF263B00CE2D81 /* Debug */,
				3053449120AF263B00CE2D81 /* Release */,
			);
			defaultConfigurationIsVisible = 0;
			defaultConfigurationName = Release;
		};
		3053449220AF263B00CE2D81 /* Build configuration list for PBXNativeTarget "CleanSwiftDemoWithCoreData" */ = {
			isa = XCConfigurationList;
			buildConfigurations = (
				3053449320AF263B00CE2D81 /* Debug */,
				3053449420AF263B00CE2D81 /* Release */,
			);
			defaultConfigurationIsVisible = 0;
			defaultConfigurationName = Release;
		};
		3053449520AF263B00CE2D81 /* Build configuration list for PBXNativeTarget "CleanSwiftDemoWithCoreDataTests" */ = {
			isa = XCConfigurationList;
			buildConfigurations = (
				3053449620AF263B00CE2D81 /* Debug */,
				3053449720AF263B00CE2D81 /* Release */,
			);
			defaultConfigurationIsVisible = 0;
			defaultConfigurationName = Release;
		};
		3053449820AF263B00CE2D81 /* Build configuration list for PBXNativeTarget "CleanSwiftDemoWithCoreDataUITests" */ = {
			isa = XCConfigurationList;
			buildConfigurations = (
				3053449920AF263B00CE2D81 /* Debug */,
				3053449A20AF263B00CE2D81 /* Release */,
			);
			defaultConfigurationIsVisible = 0;
			defaultConfigurationName = Release;
		};
/* End XCConfigurationList section */

/* Begin XCVersionGroup section */
		3053447120AF263400CE2D81 /* CleanSwiftDemoWithCoreData.xcdatamodeld */ = {
			isa = XCVersionGroup;
			children = (
				3053447220AF263400CE2D81 /* CleanSwiftDemoWithCoreData.xcdatamodel */,
			);
			currentVersion = 3053447220AF263400CE2D81 /* CleanSwiftDemoWithCoreData.xcdatamodel */;
			path = CleanSwiftDemoWithCoreData.xcdatamodeld;
			sourceTree = "<group>";
			versionGroupType = wrapper.xcdatamodel;
		};
/* End XCVersionGroup section */
	};
	rootObject = 3053445F20AF263400CE2D81 /* Project object */;
}
